// !$*UTF8*$!
{
	archiveVersion = 1;
	classes = {
	};
	objectVersion = 55;
	objects = {

/* Begin PBXBuildFile section */
		801BFF44292D2EC3004CBDF3 /* AppDelegate.swift in Sources */ = {isa = PBXBuildFile; fileRef = 801BFF43292D2EC3004CBDF3 /* AppDelegate.swift */; };
		801BFF46292D2EC3004CBDF3 /* SceneDelegate.swift in Sources */ = {isa = PBXBuildFile; fileRef = 801BFF45292D2EC3004CBDF3 /* SceneDelegate.swift */; };
		801BFF48292D2EC3004CBDF3 /* ViewController.swift in Sources */ = {isa = PBXBuildFile; fileRef = 801BFF47292D2EC3004CBDF3 /* ViewController.swift */; };
		801BFF4B292D2EC3004CBDF3 /* Main.storyboard in Resources */ = {isa = PBXBuildFile; fileRef = 801BFF49292D2EC3004CBDF3 /* Main.storyboard */; };
		801BFF4D292D2EC7004CBDF3 /* Assets.xcassets in Resources */ = {isa = PBXBuildFile; fileRef = 801BFF4C292D2EC7004CBDF3 /* Assets.xcassets */; };
		801BFF50292D2EC7004CBDF3 /* LaunchScreen.storyboard in Resources */ = {isa = PBXBuildFile; fileRef = 801BFF4E292D2EC7004CBDF3 /* LaunchScreen.storyboard */; };
		801BFF58292D2F3F004CBDF3 /* Product.swift in Sources */ = {isa = PBXBuildFile; fileRef = 801BFF57292D2F3F004CBDF3 /* Product.swift */; };
		801BFF5B292D30CF004CBDF3 /* TableViewCell.swift in Sources */ = {isa = PBXBuildFile; fileRef = 801BFF59292D30CF004CBDF3 /* TableViewCell.swift */; };
		801BFF5C292D30CF004CBDF3 /* TableViewCell.xib in Resources */ = {isa = PBXBuildFile; fileRef = 801BFF5A292D30CF004CBDF3 /* TableViewCell.xib */; };
		D4F267A399FDF098F8BA2F20 /* Pods_JsonApiDemo4.framework in Frameworks */ = {isa = PBXBuildFile; fileRef = 46B7B641D16404B99081D713 /* Pods_JsonApiDemo4.framework */; };
/* End PBXBuildFile section */

/* Begin PBXFileReference section */
		128842260BDBE354213F4AD3 /* Pods-JsonApiDemo4.release.xcconfig */ = {isa = PBXFileReference; includeInIndex = 1; lastKnownFileType = text.xcconfig; name = "Pods-JsonApiDemo4.release.xcconfig"; path = "Target Support Files/Pods-JsonApiDemo4/Pods-JsonApiDemo4.release.xcconfig"; sourceTree = "<group>"; };
		46B7B641D16404B99081D713 /* Pods_JsonApiDemo4.framework */ = {isa = PBXFileReference; explicitFileType = wrapper.framework; includeInIndex = 0; path = Pods_JsonApiDemo4.framework; sourceTree = BUILT_PRODUCTS_DIR; };
		801BFF40292D2EC3004CBDF3 /* JsonApiDemo4.app */ = {isa = PBXFileReference; explicitFileType = wrapper.application; includeInIndex = 0; path = JsonApiDemo4.app; sourceTree = BUILT_PRODUCTS_DIR; };
		801BFF43292D2EC3004CBDF3 /* AppDelegate.swift */ = {isa = PBXFileReference; lastKnownFileType = sourcecode.swift; path = AppDelegate.swift; sourceTree = "<group>"; };
		801BFF45292D2EC3004CBDF3 /* SceneDelegate.swift */ = {isa = PBXFileReference; lastKnownFileType = sourcecode.swift; path = SceneDelegate.swift; sourceTree = "<group>"; };
		801BFF47292D2EC3004CBDF3 /* ViewController.swift */ = {isa = PBXFileReference; lastKnownFileType = sourcecode.swift; path = ViewController.swift; sourceTree = "<group>"; };
		801BFF4A292D2EC3004CBDF3 /* Base */ = {isa = PBXFileReference; lastKnownFileType = file.storyboard; name = Base; path = Base.lproj/Main.storyboard; sourceTree = "<group>"; };
		801BFF4C292D2EC7004CBDF3 /* Assets.xcassets */ = {isa = PBXFileReference; lastKnownFileType = folder.assetcatalog; path = Assets.xcassets; sourceTree = "<group>"; };
		801BFF4F292D2EC7004CBDF3 /* Base */ = {isa = PBXFileReference; lastKnownFileType = file.storyboard; name = Base; path = Base.lproj/LaunchScreen.storyboard; sourceTree = "<group>"; };
		801BFF51292D2EC7004CBDF3 /* Info.plist */ = {isa = PBXFileReference; lastKnownFileType = text.plist.xml; path = Info.plist; sourceTree = "<group>"; };
		801BFF57292D2F3F004CBDF3 /* Product.swift */ = {isa = PBXFileReference; lastKnownFileType = sourcecode.swift; path = Product.swift; sourceTree = "<group>"; };
		801BFF59292D30CF004CBDF3 /* TableViewCell.swift */ = {isa = PBXFileReference; lastKnownFileType = sourcecode.swift; path = TableViewCell.swift; sourceTree = "<group>"; };
		801BFF5A292D30CF004CBDF3 /* TableViewCell.xib */ = {isa = PBXFileReference; lastKnownFileType = file.xib; path = TableViewCell.xib; sourceTree = "<group>"; };
		8F004D3E3784A335A583153C /* Pods-JsonApiDemo4.debug.xcconfig */ = {isa = PBXFileReference; includeInIndex = 1; lastKnownFileType = text.xcconfig; name = "Pods-JsonApiDemo4.debug.xcconfig"; path = "Target Support Files/Pods-JsonApiDemo4/Pods-JsonApiDemo4.debug.xcconfig"; sourceTree = "<group>"; };
/* End PBXFileReference section */

/* Begin PBXFrameworksBuildPhase section */
		801BFF3D292D2EC3004CBDF3 /* Frameworks */ = {
			isa = PBXFrameworksBuildPhase;
			buildActionMask = 2147483647;
			files = (
				D4F267A399FDF098F8BA2F20 /* Pods_JsonApiDemo4.framework in Frameworks */,
			);
			runOnlyForDeploymentPostprocessing = 0;
		};
/* End PBXFrameworksBuildPhase section */

/* Begin PBXGroup section */
		801BFF37292D2EC3004CBDF3 = {
			isa = PBXGroup;
			children = (
				801BFF42292D2EC3004CBDF3 /* JsonApiDemo4 */,
				801BFF41292D2EC3004CBDF3 /* Products */,
				F40062C0346938CEFEE7A0F9 /* Pods */,
				DE2A69AA4AF5B676152D7BE4 /* Frameworks */,
			);
			sourceTree = "<group>";
		};
		801BFF41292D2EC3004CBDF3 /* Products */ = {
			isa = PBXGroup;
			children = (
				801BFF40292D2EC3004CBDF3 /* JsonApiDemo4.app */,
			);
			name = Products;
			sourceTree = "<group>";
		};
		801BFF42292D2EC3004CBDF3 /* JsonApiDemo4 */ = {
			isa = PBXGroup;
			children = (
				801BFF43292D2EC3004CBDF3 /* AppDelegate.swift */,
				801BFF45292D2EC3004CBDF3 /* SceneDelegate.swift */,
				801BFF47292D2EC3004CBDF3 /* ViewController.swift */,
				801BFF59292D30CF004CBDF3 /* TableViewCell.swift */,
				801BFF5A292D30CF004CBDF3 /* TableViewCell.xib */,
				801BFF49292D2EC3004CBDF3 /* Main.storyboard */,
				801BFF57292D2F3F004CBDF3 /* Product.swift */,
				801BFF4C292D2EC7004CBDF3 /* Assets.xcassets */,
				801BFF4E292D2EC7004CBDF3 /* LaunchScreen.storyboard */,
				801BFF51292D2EC7004CBDF3 /* Info.plist */,
			);
			path = JsonApiDemo4;
			sourceTree = "<group>";
		};
		DE2A69AA4AF5B676152D7BE4 /* Frameworks */ = {
			isa = PBXGroup;
			children = (
				46B7B641D16404B99081D713 /* Pods_JsonApiDemo4.framework */,
			);
			name = Frameworks;
			sourceTree = "<group>";
		};
		F40062C0346938CEFEE7A0F9 /* Pods */ = {
			isa = PBXGroup;
			children = (
				8F004D3E3784A335A583153C /* Pods-JsonApiDemo4.debug.xcconfig */,
				128842260BDBE354213F4AD3 /* Pods-JsonApiDemo4.release.xcconfig */,
			);
			name = Pods;
			path = Pods;
			sourceTree = "<group>";
		};
/* End PBXGroup section */

/* Begin PBXNativeTarget section */
		801BFF3F292D2EC3004CBDF3 /* JsonApiDemo4 */ = {
			isa = PBXNativeTarget;
			buildConfigurationList = 801BFF54292D2EC7004CBDF3 /* Build configuration list for PBXNativeTarget "JsonApiDemo4" */;
			buildPhases = (
				37FC6A092B6B0FCC549FE973 /* [CP] Check Pods Manifest.lock */,
				801BFF3C292D2EC3004CBDF3 /* Sources */,
				801BFF3D292D2EC3004CBDF3 /* Frameworks */,
				801BFF3E292D2EC3004CBDF3 /* Resources */,
				53515787E17B86FCE6CD7EEA /* [CP] Embed Pods Frameworks */,
			);
			buildRules = (
			);
			dependencies = (
			);
			name = JsonApiDemo4;
			productName = JsonApiDemo4;
			productReference = 801BFF40292D2EC3004CBDF3 /* JsonApiDemo4.app */;
			productType = "com.apple.product-type.application";
		};
/* End PBXNativeTarget section */

/* Begin PBXProject section */
		801BFF38292D2EC3004CBDF3 /* Project object */ = {
			isa = PBXProject;
			attributes = {
				BuildIndependentTargetsInParallel = 1;
				LastSwiftUpdateCheck = 1340;
				LastUpgradeCheck = 1340;
				TargetAttributes = {
					801BFF3F292D2EC3004CBDF3 = {
						CreatedOnToolsVersion = 13.4.1;
					};
				};
			};
			buildConfigurationList = 801BFF3B292D2EC3004CBDF3 /* Build configuration list for PBXProject "JsonApiDemo4" */;
			compatibilityVersion = "Xcode 13.0";
			developmentRegion = en;
			hasScannedForEncodings = 0;
			knownRegions = (
				en,
				Base,
			);
			mainGroup = 801BFF37292D2EC3004CBDF3;
			productRefGroup = 801BFF41292D2EC3004CBDF3 /* Products */;
			projectDirPath = "";
			projectRoot = "";
			targets = (
				801BFF3F292D2EC3004CBDF3 /* JsonApiDemo4 */,
			);
		};
/* End PBXProject section */

/* Begin PBXResourcesBuildPhase section */
		801BFF3E292D2EC3004CBDF3 /* Resources */ = {
			isa = PBXResourcesBuildPhase;
			buildActionMask = 2147483647;
			files = (
				801BFF50292D2EC7004CBDF3 /* LaunchScreen.storyboard in Resources */,
				801BFF5C292D30CF004CBDF3 /* TableViewCell.xib in Resources */,
				801BFF4D292D2EC7004CBDF3 /* Assets.xcassets in Resources */,
				801BFF4B292D2EC3004CBDF3 /* Main.storyboard in Resources */,
			);
			runOnlyForDeploymentPostprocessing = 0;
		};
/* End PBXResourcesBuildPhase section */

/* Begin PBXShellScriptBuildPhase section */
		37FC6A092B6B0FCC549FE973 /* [CP] Check Pods Manifest.lock */ = {
			isa = PBXShellScriptBuildPhase;
			buildActionMask = 2147483647;
			files = (
			);
			inputFileListPaths = (
			);
			inputPaths = (
				"${PODS_PODFILE_DIR_PATH}/Podfile.lock",
				"${PODS_ROOT}/Manifest.lock",
			);
			name = "[CP] Check Pods Manifest.lock";
			outputFileListPaths = (
			);
			outputPaths = (
				"$(DERIVED_FILE_DIR)/Pods-JsonApiDemo4-checkManifestLockResult.txt",
			);
			runOnlyForDeploymentPostprocessing = 0;
			shellPath = /bin/sh;
			shellScript = "diff \"${PODS_PODFILE_DIR_PATH}/Podfile.lock\" \"${PODS_ROOT}/Manifest.lock\" > /dev/null\nif [ $? != 0 ] ; then\n    # print error to STDERR\n    echo \"error: The sandbox is not in sync with the Podfile.lock. Run 'pod install' or update your CocoaPods installation.\" >&2\n    exit 1\nfi\n# This output is used by Xcode 'outputs' to avoid re-running this script phase.\necho \"SUCCESS\" > \"${SCRIPT_OUTPUT_FILE_0}\"\n";
			showEnvVarsInLog = 0;
		};
		53515787E17B86FCE6CD7EEA /* [CP] Embed Pods Frameworks */ = {
			isa = PBXShellScriptBuildPhase;
			buildActionMask = 2147483647;
			files = (
			);
			inputFileListPaths = (
				"${PODS_ROOT}/Target Support Files/Pods-JsonApiDemo4/Pods-JsonApiDemo4-frameworks-${CONFIGURATION}-input-files.xcfilelist",
			);
			name = "[CP] Embed Pods Frameworks";
			outputFileListPaths = (
				"${PODS_ROOT}/Target Support Files/Pods-JsonApiDemo4/Pods-JsonApiDemo4-frameworks-${CONFIGURATION}-output-files.xcfilelist",
			);
			runOnlyForDeploymentPostprocessing = 0;
			shellPath = /bin/sh;
			shellScript = "\"${PODS_ROOT}/Target Support Files/Pods-JsonApiDemo4/Pods-JsonApiDemo4-frameworks.sh\"\n";
			showEnvVarsInLog = 0;
		};
/* End PBXShellScriptBuildPhase section */

/* Begin PBXSourcesBuildPhase section */
		801BFF3C292D2EC3004CBDF3 /* Sources */ = {
			isa = PBXSourcesBuildPhase;
			buildActionMask = 2147483647;
			files = (
				801BFF5B292D30CF004CBDF3 /* TableViewCell.swift in Sources */,
				801BFF48292D2EC3004CBDF3 /* ViewController.swift in Sources */,
				801BFF58292D2F3F004CBDF3 /* Product.swift in Sources */,
				801BFF44292D2EC3004CBDF3 /* AppDelegate.swift in Sources */,
				801BFF46292D2EC3004CBDF3 /* SceneDelegate.swift in Sources */,
			);
			runOnlyForDeploymentPostprocessing = 0;
		};
/* End PBXSourcesBuildPhase section */

/* Begin PBXVariantGroup section */
		801BFF49292D2EC3004CBDF3 /* Main.storyboard */ = {
			isa = PBXVariantGroup;
			children = (
				801BFF4A292D2EC3004CBDF3 /* Base */,
			);
			name = Main.storyboard;
			sourceTree = "<group>";
		};
		801BFF4E292D2EC7004CBDF3 /* LaunchScreen.storyboard */ = {
			isa = PBXVariantGroup;
			children = (
				801BFF4F292D2EC7004CBDF3 /* Base */,
			);
			name = LaunchScreen.storyboard;
			sourceTree = "<group>";
		};
/* End PBXVariantGroup section */

/* Begin XCBuildConfiguration section */
		801BFF52292D2EC7004CBDF3 /* Debug */ = {
			isa = XCBuildConfiguration;
			buildSettings = {
				ALWAYS_SEARCH_USER_PATHS = NO;
				CLANG_ANALYZER_NONNULL = YES;
				CLANG_ANALYZER_NUMBER_OBJECT_CONVERSION = YES_AGGRESSIVE;
				CLANG_CXX_LANGUAGE_STANDARD = "gnu++17";
				CLANG_ENABLE_MODULES = YES;
				CLANG_ENABLE_OBJC_ARC = YES;
				CLANG_ENABLE_OBJC_WEAK = YES;
				CLANG_WARN_BLOCK_CAPTURE_AUTORELEASING = YES;
				CLANG_WARN_BOOL_CONVERSION = YES;
				CLANG_WARN_COMMA = YES;
				CLANG_WARN_CONSTANT_CONVERSION = YES;
				CLANG_WARN_DEPRECATED_OBJC_IMPLEMENTATIONS = YES;
				CLANG_WARN_DIRECT_OBJC_ISA_USAGE = YES_ERROR;
				CLANG_WARN_DOCUMENTATION_COMMENTS = YES;
				CLANG_WARN_EMPTY_BODY = YES;
				CLANG_WARN_ENUM_CONVERSION = YES;
				CLANG_WARN_INFINITE_RECURSION = YES;
				CLANG_WARN_INT_CONVERSION = YES;
				CLANG_WARN_NON_LITERAL_NULL_CONVERSION = YES;
				CLANG_WARN_OBJC_IMPLICIT_RETAIN_SELF = YES;
				CLANG_WARN_OBJC_LITERAL_CONVERSION = YES;
				CLANG_WARN_OBJC_ROOT_CLASS = YES_ERROR;
				CLANG_WARN_QUOTED_INCLUDE_IN_FRAMEWORK_HEADER = YES;
				CLANG_WARN_RANGE_LOOP_ANALYSIS = YES;
				CLANG_WARN_STRICT_PROTOTYPES = YES;
				CLANG_WARN_SUSPICIOUS_MOVE = YES;
				CLANG_WARN_UNGUARDED_AVAILABILITY = YES_AGGRESSIVE;
				CLANG_WARN_UNREACHABLE_CODE = YES;
				CLANG_WARN__DUPLICATE_METHOD_MATCH = YES;
				COPY_PHASE_STRIP = NO;
				DEBUG_INFORMATION_FORMAT = dwarf;
				ENABLE_STRICT_OBJC_MSGSEND = YES;
				ENABLE_TESTABILITY = YES;
				GCC_C_LANGUAGE_STANDARD = gnu11;
				GCC_DYNAMIC_NO_PIC = NO;
				GCC_NO_COMMON_BLOCKS = YES;
				GCC_OPTIMIZATION_LEVEL = 0;
				GCC_PREPROCESSOR_DEFINITIONS = (
					"DEBUG=1",
					"$(inherited)",
				);
				GCC_WARN_64_TO_32_BIT_CONVERSION = YES;
				GCC_WARN_ABOUT_RETURN_TYPE = YES_ERROR;
				GCC_WARN_UNDECLARED_SELECTOR = YES;
				GCC_WARN_UNINITIALIZED_AUTOS = YES_AGGRESSIVE;
				GCC_WARN_UNUSED_FUNCTION = YES;
				GCC_WARN_UNUSED_VARIABLE = YES;
				IPHONEOS_DEPLOYMENT_TARGET = 15.5;
				MTL_ENABLE_DEBUG_INFO = INCLUDE_SOURCE;
				MTL_FAST_MATH = YES;
				ONLY_ACTIVE_ARCH = YES;
				SDKROOT = iphoneos;
				SWIFT_ACTIVE_COMPILATION_CONDITIONS = DEBUG;
				SWIFT_OPTIMIZATION_LEVEL = "-Onone";
			};
			name = Debug;
		};
		801BFF53292D2EC7004CBDF3 /* Release */ = {
			isa = XCBuildConfiguration;
			buildSettings = {
				ALWAYS_SEARCH_USER_PATHS = NO;
				CLANG_ANALYZER_NONNULL = YES;
				CLANG_ANALYZER_NUMBER_OBJECT_CONVERSION = YES_AGGRESSIVE;
				CLANG_CXX_LANGUAGE_STANDARD = "gnu++17";
				CLANG_ENABLE_MODULES = YES;
				CLANG_ENABLE_OBJC_ARC = YES;
				CLANG_ENABLE_OBJC_WEAK = YES;
				CLANG_WARN_BLOCK_CAPTURE_AUTORELEASING = YES;
				CLANG_WARN_BOOL_CONVERSION = YES;
				CLANG_WARN_COMMA = YES;
				CLANG_WARN_CONSTANT_CONVERSION = YES;
				CLANG_WARN_DEPRECATED_OBJC_IMPLEMENTATIONS = YES;
				CLANG_WARN_DIRECT_OBJC_ISA_USAGE = YES_ERROR;
				CLANG_WARN_DOCUMENTATION_COMMENTS = YES;
				CLANG_WARN_EMPTY_BODY = YES;
				CLANG_WARN_ENUM_CONVERSION = YES;
				CLANG_WARN_INFINITE_RECURSION = YES;
				CLANG_WARN_INT_CONVERSION = YES;
				CLANG_WARN_NON_LITERAL_NULL_CONVERSION = YES;
				CLANG_WARN_OBJC_IMPLICIT_RETAIN_SELF = YES;
				CLANG_WARN_OBJC_LITERAL_CONVERSION = YES;
				CLANG_WARN_OBJC_ROOT_CLASS = YES_ERROR;
				CLANG_WARN_QUOTED_INCLUDE_IN_FRAMEWORK_HEADER = YES;
				CLANG_WARN_RANGE_LOOP_ANALYSIS = YES;
				CLANG_WARN_STRICT_PROTOTYPES = YES;
				CLANG_WARN_SUSPICIOUS_MOVE = YES;
				CLANG_WARN_UNGUARDED_AVAILABILITY = YES_AGGRESSIVE;
				CLANG_WARN_UNREACHABLE_CODE = YES;
				CLANG_WARN__DUPLICATE_METHOD_MATCH = YES;
				COPY_PHASE_STRIP = NO;
				DEBUG_INFORMATION_FORMAT = "dwarf-with-dsym";
				ENABLE_NS_ASSERTIONS = NO;
				ENABLE_STRICT_OBJC_MSGSEND = YES;
				GCC_C_LANGUAGE_STANDARD = gnu11;
				GCC_NO_COMMON_BLOCKS = YES;
				GCC_WARN_64_TO_32_BIT_CONVERSION = YES;
				GCC_WARN_ABOUT_RETURN_TYPE = YES_ERROR;
				GCC_WARN_UNDECLARED_SELECTOR = YES;
				GCC_WARN_UNINITIALIZED_AUTOS = YES_AGGRESSIVE;
				GCC_WARN_UNUSED_FUNCTION = YES;
				GCC_WARN_UNUSED_VARIABLE = YES;
				IPHONEOS_DEPLOYMENT_TARGET = 15.5;
				MTL_ENABLE_DEBUG_INFO = NO;
				MTL_FAST_MATH = YES;
				SDKROOT = iphoneos;
				SWIFT_COMPILATION_MODE = wholemodule;
				SWIFT_OPTIMIZATION_LEVEL = "-O";
				VALIDATE_PRODUCT = YES;
			};
			name = Release;
		};
		801BFF55292D2EC7004CBDF3 /* Debug */ = {
			isa = XCBuildConfiguration;
			baseConfigurationReference = 8F004D3E3784A335A583153C /* Pods-JsonApiDemo4.debug.xcconfig */;
			buildSettings = {
				ASSETCATALOG_COMPILER_APPICON_NAME = AppIcon;
				ASSETCATALOG_COMPILER_GLOBAL_ACCENT_COLOR_NAME = AccentColor;
				CODE_SIGN_STYLE = Automatic;
				CURRENT_PROJECT_VERSION = 1;
				GENERATE_INFOPLIST_FILE = YES;
				INFOPLIST_FILE = JsonApiDemo4/Info.plist;
				INFOPLIST_KEY_UIApplicationSupportsIndirectInputEvents = YES;
				INFOPLIST_KEY_UILaunchStoryboardName = LaunchScreen;
				INFOPLIST_KEY_UIMainStoryboardFile = Main;
				INFOPLIST_KEY_UISupportedInterfaceOrientations_iPad = "UIInterfaceOrientationPortrait UIInterfaceOrientationPortraitUpsideDown UIInterfaceOrientationLandscapeLeft UIInterfaceOrientationLandscapeRight";
				INFOPLIST_KEY_UISupportedInterfaceOrientations_iPhone = "UIInterfaceOrientationPortrait UIInterfaceOrientationLandscapeLeft UIInterfaceOrientationLandscapeRight";
				LD_RUNPATH_SEARCH_PATHS = (
					"$(inherited)",
					"@executable_path/Frameworks",
				);
				MARKETING_VERSION = 1.0;
				PRODUCT_BUNDLE_IDENTIFIER = com.rachana.JsonApiDemo4;
				PRODUCT_NAME = "$(TARGET_NAME)";
				SWIFT_EMIT_LOC_STRINGS = YES;
				SWIFT_VERSION = 5.0;
				TARGETED_DEVICE_FAMILY = "1,2";
			};
			name = Debug;
		};
		801BFF56292D2EC7004CBDF3 /* Release */ = {
			isa = XCBuildConfiguration;
			baseConfigurationReference = 128842260BDBE354213F4AD3 /* Pods-JsonApiDemo4.release.xcconfig */;
			buildSettings = {
				ASSETCATALOG_COMPILER_APPICON_NAME = AppIcon;
				ASSETCATALOG_COMPILER_GLOBAL_ACCENT_COLOR_NAME = AccentColor;
				CODE_SIGN_STYLE = Automatic;
				CURRENT_PROJECT_VERSION = 1;
				GENERATE_INFOPLIST_FILE = YES;
				INFOPLIST_FILE = JsonApiDemo4/Info.plist;
				INFOPLIST_KEY_UIApplicationSupportsIndirectInputEvents = YES;
				INFOPLIST_KEY_UILaunchStoryboardName = LaunchScreen;
				INFOPLIST_KEY_UIMainStoryboardFile = Main;
				INFOPLIST_KEY_UISupportedInterfaceOrientations_iPad = "UIInterfaceOrientationPortrait UIInterfaceOrientationPortraitUpsideDown UIInterfaceOrientationLandscapeLeft UIInterfaceOrientationLandscapeRight";
				INFOPLIST_KEY_UISupportedInterfaceOrientations_iPhone = "UIInterfaceOrientationPortrait UIInterfaceOrientationLandscapeLeft UIInterfaceOrientationLandscapeRight";
				LD_RUNPATH_SEARCH_PATHS = (
					"$(inherited)",
					"@executable_path/Frameworks",
				);
				MARKETING_VERSION = 1.0;
				PRODUCT_BUNDLE_IDENTIFIER = com.rachana.JsonApiDemo4;
				PRODUCT_NAME = "$(TARGET_NAME)";
				SWIFT_EMIT_LOC_STRINGS = YES;
				SWIFT_VERSION = 5.0;
				TARGETED_DEVICE_FAMILY = "1,2";
			};
			name = Release;
		};
/* End XCBuildConfiguration section */

/* Begin XCConfigurationList section */
		801BFF3B292D2EC3004CBDF3 /* Build configuration list for PBXProject "JsonApiDemo4" */ = {
			isa = XCConfigurationList;
			buildConfigurations = (
				801BFF52292D2EC7004CBDF3 /* Debug */,
				801BFF53292D2EC7004CBDF3 /* Release */,
			);
			defaultConfigurationIsVisible = 0;
			defaultConfigurationName = Release;
		};
		801BFF54292D2EC7004CBDF3 /* Build configuration list for PBXNativeTarget "JsonApiDemo4" */ = {
			isa = XCConfigurationList;
			buildConfigurations = (
				801BFF55292D2EC7004CBDF3 /* Debug */,
				801BFF56292D2EC7004CBDF3 /* Release */,
			);
			defaultConfigurationIsVisible = 0;
			defaultConfigurationName = Release;
		};
/* End XCConfigurationList section */
	};
	rootObject = 801BFF38292D2EC3004CBDF3 /* Project object */;
}
